
Microsoft Visual Studio Solution File, Format Version 12.00
# Visual Studio 15
VisualStudioVersion = 15.0.28307.168
MinimumVisualStudioVersion = 10.0.40219.1
Project("{FAE04EC0-301F-11D3-BF4B-00C04F79EFBC}") = "GetPostExample", "GetPostExample\GetPostExample.csproj", "{21753342-AF4D-4FE6-989A-1F3DB2E609ED}"
EndProject
Global
	GlobalSection(SolutionConfigurationPlatforms) = preSolution
		Debug|Any CPU = Debug|Any CPU
		Release|Any CPU = Release|Any CPU
	EndGlobalSection
	GlobalSection(ProjectConfigurationPlatforms) = postSolution
		{21753342-AF4D-4FE6-989A-1F3DB2E609ED}.Debug|Any CPU.ActiveCfg = Debug|Any CPU
		{21753342-AF4D-4FE6-989A-1F3DB2E609ED}.Debug|Any CPU.Build.0 = Debug|Any CPU
		{21753342-AF4D-4FE6-989A-1F3DB2E609ED}.Release|Any CPU.ActiveCfg = Release|Any CPU
		{21753342-AF4D-4FE6-989A-1F3DB2E609ED}.Release|Any CPU.Build.0 = Release|Any CPU
	EndGlobalSection
	GlobalSection(SolutionProperties) = preSolution
		HideSolutionNode = FALSE
	EndGlobalSection
	GlobalSection(ExtensibilityGlobals) = postSolution
		SolutionGuid = {6EE2C629-2ECA-4DD5-A55D-3FDE1B56ADAA}
	EndGlobalSection
EndGlobal
